
Microsoft Visual Studio Solution File, Format Version 12.00
# Visual Studio Version 16
VisualStudioVersion = 16.0.33529.622
MinimumVisualStudioVersion = 10.0.40219.1
Project("{FAE04EC0-301F-11D3-BF4B-00C04F79EFBC}") = "App-Catalogo", "App Catalogo de Comercio\App-Catalogo.csproj", "{7F8F2151-1C1A-46D4-B76C-EA3D7F01EC05}"
EndProject
Project("{FAE04EC0-301F-11D3-BF4B-00C04F79EFBC}") = "Dominio", "dominio\Dominio.csproj", "{BBE914E9-29B9-4080-9457-667A4DA8B33F}"
EndProject
Project("{FAE04EC0-301F-11D3-BF4B-00C04F79EFBC}") = "Controlador", "datos\Controlador.csproj", "{A846421B-90FD-4059-A83A-E7285DFADF5A}"
EndProject
Global
	GlobalSection(SolutionConfigurationPlatforms) = preSolution
		Debug|Any CPU = Debug|Any CPU
		Release|Any CPU = Release|Any CPU
	EndGlobalSection
	GlobalSection(ProjectConfigurationPlatforms) = postSolution
		{7F8F2151-1C1A-46D4-B76C-EA3D7F01EC05}.Debug|Any CPU.ActiveCfg = Debug|Any CPU
		{7F8F2151-1C1A-46D4-B76C-EA3D7F01EC05}.Debug|Any CPU.Build.0 = Debug|Any CPU
		{7F8F2151-1C1A-46D4-B76C-EA3D7F01EC05}.Release|Any CPU.ActiveCfg = Release|Any CPU
		{7F8F2151-1C1A-46D4-B76C-EA3D7F01EC05}.Release|Any CPU.Build.0 = Release|Any CPU
		{BBE914E9-29B9-4080-9457-667A4DA8B33F}.Debug|Any CPU.ActiveCfg = Debug|Any CPU
		{BBE914E9-29B9-4080-9457-667A4DA8B33F}.Debug|Any CPU.Build.0 = Debug|Any CPU
		{BBE914E9-29B9-4080-9457-667A4DA8B33F}.Release|Any CPU.ActiveCfg = Release|Any CPU
		{BBE914E9-29B9-4080-9457-667A4DA8B33F}.Release|Any CPU.Build.0 = Release|Any CPU
		{A846421B-90FD-4059-A83A-E7285DFADF5A}.Debug|Any CPU.ActiveCfg = Debug|Any CPU
		{A846421B-90FD-4059-A83A-E7285DFADF5A}.Debug|Any CPU.Build.0 = Debug|Any CPU
		{A846421B-90FD-4059-A83A-E7285DFADF5A}.Release|Any CPU.ActiveCfg = Release|Any CPU
		{A846421B-90FD-4059-A83A-E7285DFADF5A}.Release|Any CPU.Build.0 = Release|Any CPU
	EndGlobalSection
	GlobalSection(SolutionProperties) = preSolution
		HideSolutionNode = FALSE
	EndGlobalSection
	GlobalSection(ExtensibilityGlobals) = postSolution
		SolutionGuid = {A93D83A2-5913-4EE8-BC62-A2E81B3AA344}
	EndGlobalSection
EndGlobal
